
Microsoft Visual Studio Solution File, Format Version 12.00
# Visual Studio Version 17
VisualStudioVersion = 17.5.002.0
MinimumVisualStudioVersion = 10.0.40219.1
Project("{9A19103F-16F7-4668-BE54-9A1E7A4F7556}") = "PontoSavi", "PontoSavi.csproj", "{8613EC60-2BD2-408A-9AED-1CAC1A567108}"
EndProject
Project("{2150E333-8FDC-42A3-9474-1A3956D46DE8}") = "src", "src", "{E783E6B0-00D8-4CA6-9E84-6370301D2861}"
EndProject
Project("{FAE04EC0-301F-11D3-BF4B-00C04F79EFBC}") = "PontoSavi.Test", "src\PontoSavi.Test\PontoSavi.Test.csproj", "{50149EA4-F35D-466A-862A-428276508F68}"
EndProject
Project("{FAE04EC0-301F-11D3-BF4B-00C04F79EFBC}") = "PontoSavi.Domain", "src\PontoSavi.Domain\PontoSavi.Domain.csproj", "{9E1BEB68-6B2A-4E5E-84AC-0B1EC730DB41}"
EndProject
Project("{FAE04EC0-301F-11D3-BF4B-00C04F79EFBC}") = "PontoSavi.Infra.Data", "src\PontoSavi.Infra.Data\PontoSavi.Infra.Data.csproj", "{19FD9867-7D09-4FA3-8D79-7FA227C561A4}"
EndProject
Project("{FAE04EC0-301F-11D3-BF4B-00C04F79EFBC}") = "PontoSavi.Application", "src\PontoSavi.Application\PontoSavi.Application.csproj", "{A841F45E-E489-4998-AE0E-AE3848DFEC66}"
EndProject
Project("{FAE04EC0-301F-11D3-BF4B-00C04F79EFBC}") = "PontoSavi.API", "src\PontoSavi.API\PontoSavi.API.csproj", "{313C706A-04F5-4FED-986B-82A13B92C2B7}"
EndProject
Project("{FAE04EC0-301F-11D3-BF4B-00C04F79EFBC}") = "PontoSavi.Infra.IOC", "src\PontoSavi.Infra.IOC\PontoSavi.Infra.IOC.csproj", "{B344267C-297A-4E88-BD40-1979A42FC0E6}"
EndProject
Global
	GlobalSection(SolutionConfigurationPlatforms) = preSolution
		Debug|Any CPU = Debug|Any CPU
		Release|Any CPU = Release|Any CPU
	EndGlobalSection
	GlobalSection(ProjectConfigurationPlatforms) = postSolution
		{8613EC60-2BD2-408A-9AED-1CAC1A567108}.Debug|Any CPU.ActiveCfg = Debug|Any CPU
		{8613EC60-2BD2-408A-9AED-1CAC1A567108}.Debug|Any CPU.Build.0 = Debug|Any CPU
		{8613EC60-2BD2-408A-9AED-1CAC1A567108}.Release|Any CPU.ActiveCfg = Release|Any CPU
		{8613EC60-2BD2-408A-9AED-1CAC1A567108}.Release|Any CPU.Build.0 = Release|Any CPU
		{50149EA4-F35D-466A-862A-428276508F68}.Debug|Any CPU.ActiveCfg = Debug|Any CPU
		{50149EA4-F35D-466A-862A-428276508F68}.Debug|Any CPU.Build.0 = Debug|Any CPU
		{50149EA4-F35D-466A-862A-428276508F68}.Release|Any CPU.ActiveCfg = Release|Any CPU
		{50149EA4-F35D-466A-862A-428276508F68}.Release|Any CPU.Build.0 = Release|Any CPU
		{9E1BEB68-6B2A-4E5E-84AC-0B1EC730DB41}.Debug|Any CPU.ActiveCfg = Debug|Any CPU
		{9E1BEB68-6B2A-4E5E-84AC-0B1EC730DB41}.Debug|Any CPU.Build.0 = Debug|Any CPU
		{9E1BEB68-6B2A-4E5E-84AC-0B1EC730DB41}.Release|Any CPU.ActiveCfg = Release|Any CPU
		{9E1BEB68-6B2A-4E5E-84AC-0B1EC730DB41}.Release|Any CPU.Build.0 = Release|Any CPU
		{19FD9867-7D09-4FA3-8D79-7FA227C561A4}.Debug|Any CPU.ActiveCfg = Debug|Any CPU
		{19FD9867-7D09-4FA3-8D79-7FA227C561A4}.Debug|Any CPU.Build.0 = Debug|Any CPU
		{19FD9867-7D09-4FA3-8D79-7FA227C561A4}.Release|Any CPU.ActiveCfg = Release|Any CPU
		{19FD9867-7D09-4FA3-8D79-7FA227C561A4}.Release|Any CPU.Build.0 = Release|Any CPU
		{A841F45E-E489-4998-AE0E-AE3848DFEC66}.Debug|Any CPU.ActiveCfg = Debug|Any CPU
		{A841F45E-E489-4998-AE0E-AE3848DFEC66}.Debug|Any CPU.Build.0 = Debug|Any CPU
		{A841F45E-E489-4998-AE0E-AE3848DFEC66}.Release|Any CPU.ActiveCfg = Release|Any CPU
		{A841F45E-E489-4998-AE0E-AE3848DFEC66}.Release|Any CPU.Build.0 = Release|Any CPU
		{313C706A-04F5-4FED-986B-82A13B92C2B7}.Debug|Any CPU.ActiveCfg = Debug|Any CPU
		{313C706A-04F5-4FED-986B-82A13B92C2B7}.Debug|Any CPU.Build.0 = Debug|Any CPU
		{313C706A-04F5-4FED-986B-82A13B92C2B7}.Release|Any CPU.ActiveCfg = Release|Any CPU
		{313C706A-04F5-4FED-986B-82A13B92C2B7}.Release|Any CPU.Build.0 = Release|Any CPU
		{B344267C-297A-4E88-BD40-1979A42FC0E6}.Debug|Any CPU.ActiveCfg = Debug|Any CPU
		{B344267C-297A-4E88-BD40-1979A42FC0E6}.Debug|Any CPU.Build.0 = Debug|Any CPU
		{B344267C-297A-4E88-BD40-1979A42FC0E6}.Release|Any CPU.ActiveCfg = Release|Any CPU
		{B344267C-297A-4E88-BD40-1979A42FC0E6}.Release|Any CPU.Build.0 = Release|Any CPU
	EndGlobalSection
	GlobalSection(SolutionProperties) = preSolution
		HideSolutionNode = FALSE
	EndGlobalSection
	GlobalSection(NestedProjects) = preSolution
		{50149EA4-F35D-466A-862A-428276508F68} = {E783E6B0-00D8-4CA6-9E84-6370301D2861}
		{9E1BEB68-6B2A-4E5E-84AC-0B1EC730DB41} = {E783E6B0-00D8-4CA6-9E84-6370301D2861}
		{19FD9867-7D09-4FA3-8D79-7FA227C561A4} = {E783E6B0-00D8-4CA6-9E84-6370301D2861}
		{A841F45E-E489-4998-AE0E-AE3848DFEC66} = {E783E6B0-00D8-4CA6-9E84-6370301D2861}
		{313C706A-04F5-4FED-986B-82A13B92C2B7} = {E783E6B0-00D8-4CA6-9E84-6370301D2861}
		{B344267C-297A-4E88-BD40-1979A42FC0E6} = {E783E6B0-00D8-4CA6-9E84-6370301D2861}
	EndGlobalSection
	GlobalSection(ExtensibilityGlobals) = postSolution
		SolutionGuid = {C19B5F85-8A79-4887-84F3-FBA8F6C4C3AF}
	EndGlobalSection
EndGlobal
